
Microsoft Visual Studio Solution File, Format Version 12.00
# Visual Studio Version 16
VisualStudioVersion = 16.0.31402.337
MinimumVisualStudioVersion = 10.0.40219.1
Project("{9A19103F-16F7-4668-BE54-9A1E7A4F7556}") = "ECommerce.Entities", "ECommerce.Entities.csproj", "{4A0DDC7B-A015-444D-AC6C-960F4D98B760}"
EndProject
Project("{9A19103F-16F7-4668-BE54-9A1E7A4F7556}") = "ECommerce.Business", "..\ECommerce.Business\ECommerce.Business.csproj", "{1608AA41-5D89-4C51-8079-6FA209987577}"
EndProject
Project("{9A19103F-16F7-4668-BE54-9A1E7A4F7556}") = "ECommerce.Repository", "..\ECommerce.Repository\ECommerce.Repository.csproj", "{2582A2B9-E98F-43C2-9725-A29B9B688946}"
EndProject
Project("{9A19103F-16F7-4668-BE54-9A1E7A4F7556}") = "ECommerce.WebApp", "..\ECommerce.WebApp\ECommerce.WebApp.csproj", "{45F7B9CC-A28A-45A7-9F5E-C85BA339A8BD}"
EndProject
Project("{9A19103F-16F7-4668-BE54-9A1E7A4F7556}") = "ECommerce.WebApi", "..\ECommerce.WebApi\ECommerce.WebApi.csproj", "{51803DCB-067A-45DC-B41A-411016A6506B}"
EndProject
Global
	GlobalSection(SolutionConfigurationPlatforms) = preSolution
		Debug|Any CPU = Debug|Any CPU
		Release|Any CPU = Release|Any CPU
	EndGlobalSection
	GlobalSection(ProjectConfigurationPlatforms) = postSolution
		{4A0DDC7B-A015-444D-AC6C-960F4D98B760}.Debug|Any CPU.ActiveCfg = Debug|Any CPU
		{4A0DDC7B-A015-444D-AC6C-960F4D98B760}.Debug|Any CPU.Build.0 = Debug|Any CPU
		{4A0DDC7B-A015-444D-AC6C-960F4D98B760}.Release|Any CPU.ActiveCfg = Release|Any CPU
		{4A0DDC7B-A015-444D-AC6C-960F4D98B760}.Release|Any CPU.Build.0 = Release|Any CPU
		{1608AA41-5D89-4C51-8079-6FA209987577}.Debug|Any CPU.ActiveCfg = Debug|Any CPU
		{1608AA41-5D89-4C51-8079-6FA209987577}.Debug|Any CPU.Build.0 = Debug|Any CPU
		{1608AA41-5D89-4C51-8079-6FA209987577}.Release|Any CPU.ActiveCfg = Release|Any CPU
		{1608AA41-5D89-4C51-8079-6FA209987577}.Release|Any CPU.Build.0 = Release|Any CPU
		{2582A2B9-E98F-43C2-9725-A29B9B688946}.Debug|Any CPU.ActiveCfg = Debug|Any CPU
		{2582A2B9-E98F-43C2-9725-A29B9B688946}.Debug|Any CPU.Build.0 = Debug|Any CPU
		{2582A2B9-E98F-43C2-9725-A29B9B688946}.Release|Any CPU.ActiveCfg = Release|Any CPU
		{2582A2B9-E98F-43C2-9725-A29B9B688946}.Release|Any CPU.Build.0 = Release|Any CPU
		{45F7B9CC-A28A-45A7-9F5E-C85BA339A8BD}.Debug|Any CPU.ActiveCfg = Debug|Any CPU
		{45F7B9CC-A28A-45A7-9F5E-C85BA339A8BD}.Debug|Any CPU.Build.0 = Debug|Any CPU
		{45F7B9CC-A28A-45A7-9F5E-C85BA339A8BD}.Release|Any CPU.ActiveCfg = Release|Any CPU
		{45F7B9CC-A28A-45A7-9F5E-C85BA339A8BD}.Release|Any CPU.Build.0 = Release|Any CPU
		{51803DCB-067A-45DC-B41A-411016A6506B}.Debug|Any CPU.ActiveCfg = Debug|Any CPU
		{51803DCB-067A-45DC-B41A-411016A6506B}.Debug|Any CPU.Build.0 = Debug|Any CPU
		{51803DCB-067A-45DC-B41A-411016A6506B}.Release|Any CPU.ActiveCfg = Release|Any CPU
		{51803DCB-067A-45DC-B41A-411016A6506B}.Release|Any CPU.Build.0 = Release|Any CPU
	EndGlobalSection
	GlobalSection(SolutionProperties) = preSolution
		HideSolutionNode = FALSE
	EndGlobalSection
	GlobalSection(ExtensibilityGlobals) = postSolution
		SolutionGuid = {ECD148B8-6513-4807-A147-AEC455C0D104}
	EndGlobalSection
EndGlobal
